// !$*UTF8*$!
{
	archiveVersion = 1;
	classes = {
	};
	objectVersion = 48;
	objects = {

/* Begin PBXBuildFile section */
		D6EBEC9A27868E028105BB82 /* Pods_DVAppServices.framework in Frameworks */ = {isa = PBXBuildFile; fileRef = 0412F0D83AA7626EAE57C77B /* Pods_DVAppServices.framework */; };
		ED9F1DB71FC19AE3002D3B39 /* FBSDKCoreKit.framework in Frameworks */ = {isa = PBXBuildFile; fileRef = ED9F1DBA1FC19AE3002D3B39 /* FBSDKCoreKit.framework */; };
		ED9F1DB81FC19AE3002D3B39 /* FBSDKLoginKit.framework in Frameworks */ = {isa = PBXBuildFile; fileRef = ED9F1DBB1FC19AE3002D3B39 /* FBSDKLoginKit.framework */; };
		ED9F1DB91FC19AE3002D3B39 /* FBSDKShareKit.framework in Frameworks */ = {isa = PBXBuildFile; fileRef = ED9F1DBC1FC19AE3002D3B39 /* FBSDKShareKit.framework */; };
		ED9F1DBD1FC19BC4002D3B39 /* FacebookCore.framework in Frameworks */ = {isa = PBXBuildFile; fileRef = ED9F1DBE1FC19BC4002D3B39 /* FacebookCore.framework */; };
		EDD2686A1FBF50B10028CF1A /* FacebookServicesViewController.swift in Sources */ = {isa = PBXBuildFile; fileRef = EDD268691FBF50B10028CF1A /* FacebookServicesViewController.swift */; };
		EDE0304E1FC02E0A0016E878 /* GoogleService-Info.plist in Resources */ = {isa = PBXBuildFile; fileRef = EDE0304D1FC02E0A0016E878 /* GoogleService-Info.plist */; };
		EDE030541FC124650016E878 /* GoogleServicesViewController.swift in Sources */ = {isa = PBXBuildFile; fileRef = EDE030531FC124650016E878 /* GoogleServicesViewController.swift */; };
		F60015341FCD4E5D00E0CD52 /* SocialViewController.swift in Sources */ = {isa = PBXBuildFile; fileRef = F60015331FCD4E5D00E0CD52 /* SocialViewController.swift */; };
		F605A0211FBD40980080E459 /* EventViewController.swift in Sources */ = {isa = PBXBuildFile; fileRef = F605A0201FBD40980080E459 /* EventViewController.swift */; };
		F61254011FBAC1CB008B2F1E /* OpenContactViewController.swift in Sources */ = {isa = PBXBuildFile; fileRef = F61254001FBAC1CB008B2F1E /* OpenContactViewController.swift */; };
		F61254031FBACEA7008B2F1E /* BaseViewController.swift in Sources */ = {isa = PBXBuildFile; fileRef = F61254021FBACEA7008B2F1E /* BaseViewController.swift */; };
		F63A951C1FDFB8490038AB38 /* DownloadAnimationViewController.swift in Sources */ = {isa = PBXBuildFile; fileRef = F63A951B1FDFB8490038AB38 /* DownloadAnimationViewController.swift */; };
		F6BB69AC1FB98DCB000147C7 /* AppDelegate.swift in Sources */ = {isa = PBXBuildFile; fileRef = F6BB69AB1FB98DCB000147C7 /* AppDelegate.swift */; };
		F6BB69AE1FB98DCB000147C7 /* ViewController.swift in Sources */ = {isa = PBXBuildFile; fileRef = F6BB69AD1FB98DCB000147C7 /* ViewController.swift */; };
		F6BB69B11FB98DCB000147C7 /* Main.storyboard in Resources */ = {isa = PBXBuildFile; fileRef = F6BB69AF1FB98DCB000147C7 /* Main.storyboard */; };
		F6BB69B31FB98DCB000147C7 /* Assets.xcassets in Resources */ = {isa = PBXBuildFile; fileRef = F6BB69B21FB98DCB000147C7 /* Assets.xcassets */; };
		F6BB69B61FB98DCB000147C7 /* LaunchScreen.storyboard in Resources */ = {isa = PBXBuildFile; fileRef = F6BB69B41FB98DCB000147C7 /* LaunchScreen.storyboard */; };
		F6BB69C11FB98DCB000147C7 /* DVAppServicesTests.swift in Sources */ = {isa = PBXBuildFile; fileRef = F6BB69C01FB98DCB000147C7 /* DVAppServicesTests.swift */; };
		F6BB69CC1FB98DCB000147C7 /* DVAppServicesUITests.swift in Sources */ = {isa = PBXBuildFile; fileRef = F6BB69CB1FB98DCB000147C7 /* DVAppServicesUITests.swift */; };
		F6BB69DB1FB98E01000147C7 /* ContactsViewController.swift in Sources */ = {isa = PBXBuildFile; fileRef = F6BB69DA1FB98E01000147C7 /* ContactsViewController.swift */; };
		F6BB69DD1FB992C3000147C7 /* ContactEntry.swift in Sources */ = {isa = PBXBuildFile; fileRef = F6BB69DC1FB992C3000147C7 /* ContactEntry.swift */; };
		F6BB69E01FB99825000147C7 /* Utils.swift in Sources */ = {isa = PBXBuildFile; fileRef = F6BB69DF1FB99825000147C7 /* Utils.swift */; };
		F6BB69E21FB9A5E6000147C7 /* AddContactViewController.swift in Sources */ = {isa = PBXBuildFile; fileRef = F6BB69E11FB9A5E6000147C7 /* AddContactViewController.swift */; };
/* End PBXBuildFile section */

/* Begin PBXContainerItemProxy section */
		F6BB69BD1FB98DCB000147C7 /* PBXContainerItemProxy */ = {
			isa = PBXContainerItemProxy;
			containerPortal = F6BB69A01FB98DCB000147C7 /* Project object */;
			proxyType = 1;
			remoteGlobalIDString = F6BB69A71FB98DCB000147C7;
			remoteInfo = DVAppServices;
		};
		F6BB69C81FB98DCB000147C7 /* PBXContainerItemProxy */ = {
			isa = PBXContainerItemProxy;
			containerPortal = F6BB69A01FB98DCB000147C7 /* Project object */;
			proxyType = 1;
			remoteGlobalIDString = F6BB69A71FB98DCB000147C7;
			remoteInfo = DVAppServices;
		};
/* End PBXContainerItemProxy section */

/* Begin PBXFileReference section */
		0412F0D83AA7626EAE57C77B /* Pods_DVAppServices.framework */ = {isa = PBXFileReference; explicitFileType = wrapper.framework; includeInIndex = 0; path = Pods_DVAppServices.framework; sourceTree = BUILT_PRODUCTS_DIR; };
		2B72027E2AB14A2F05CE2816 /* Pods-DVAppServices.debug.xcconfig */ = {isa = PBXFileReference; includeInIndex = 1; lastKnownFileType = text.xcconfig; name = "Pods-DVAppServices.debug.xcconfig"; path = "Pods/Target Support Files/Pods-DVAppServices/Pods-DVAppServices.debug.xcconfig"; sourceTree = "<group>"; };
		C46A62E79583A034BF1B50C3 /* Pods-DVAppServices.release.xcconfig */ = {isa = PBXFileReference; includeInIndex = 1; lastKnownFileType = text.xcconfig; name = "Pods-DVAppServices.release.xcconfig"; path = "Pods/Target Support Files/Pods-DVAppServices/Pods-DVAppServices.release.xcconfig"; sourceTree = "<group>"; };
		ED9F1DBA1FC19AE3002D3B39 /* FBSDKCoreKit.framework */ = {isa = PBXFileReference; explicitFileType = wrapper.framework; path = FBSDKCoreKit.framework; sourceTree = BUILT_PRODUCTS_DIR; };
		ED9F1DBB1FC19AE3002D3B39 /* FBSDKLoginKit.framework */ = {isa = PBXFileReference; explicitFileType = wrapper.framework; path = FBSDKLoginKit.framework; sourceTree = BUILT_PRODUCTS_DIR; };
		ED9F1DBC1FC19AE3002D3B39 /* FBSDKShareKit.framework */ = {isa = PBXFileReference; explicitFileType = wrapper.framework; path = FBSDKShareKit.framework; sourceTree = BUILT_PRODUCTS_DIR; };
		ED9F1DBE1FC19BC4002D3B39 /* FacebookCore.framework */ = {isa = PBXFileReference; explicitFileType = wrapper.framework; path = FacebookCore.framework; sourceTree = BUILT_PRODUCTS_DIR; };
		EDD268691FBF50B10028CF1A /* FacebookServicesViewController.swift */ = {isa = PBXFileReference; lastKnownFileType = sourcecode.swift; path = FacebookServicesViewController.swift; sourceTree = "<group>"; };
		EDE0304D1FC02E0A0016E878 /* GoogleService-Info.plist */ = {isa = PBXFileReference; fileEncoding = 4; lastKnownFileType = text.plist.xml; path = "GoogleService-Info.plist"; sourceTree = "<group>"; };
		EDE0304F1FC11F720016E878 /* DVAppServices-Bridging-Header.h */ = {isa = PBXFileReference; lastKnownFileType = sourcecode.c.h; path = "DVAppServices-Bridging-Header.h"; sourceTree = "<group>"; };
		EDE030531FC124650016E878 /* GoogleServicesViewController.swift */ = {isa = PBXFileReference; lastKnownFileType = sourcecode.swift; path = GoogleServicesViewController.swift; sourceTree = "<group>"; };
		F60015331FCD4E5D00E0CD52 /* SocialViewController.swift */ = {isa = PBXFileReference; lastKnownFileType = sourcecode.swift; path = SocialViewController.swift; sourceTree = "<group>"; };
		F60015351FCD51D300E0CD52 /* Social.framework */ = {isa = PBXFileReference; lastKnownFileType = wrapper.framework; name = Social.framework; path = System/Library/Frameworks/Social.framework; sourceTree = SDKROOT; };
		F605A0201FBD40980080E459 /* EventViewController.swift */ = {isa = PBXFileReference; lastKnownFileType = sourcecode.swift; path = EventViewController.swift; sourceTree = "<group>"; };
		F61254001FBAC1CB008B2F1E /* OpenContactViewController.swift */ = {isa = PBXFileReference; lastKnownFileType = sourcecode.swift; path = OpenContactViewController.swift; sourceTree = "<group>"; };
		F61254021FBACEA7008B2F1E /* BaseViewController.swift */ = {isa = PBXFileReference; lastKnownFileType = sourcecode.swift; path = BaseViewController.swift; sourceTree = "<group>"; };
		F63A951B1FDFB8490038AB38 /* DownloadAnimationViewController.swift */ = {isa = PBXFileReference; lastKnownFileType = sourcecode.swift; path = DownloadAnimationViewController.swift; sourceTree = "<group>"; };
		F6BB69A81FB98DCB000147C7 /* DVAppServices.app */ = {isa = PBXFileReference; explicitFileType = wrapper.application; includeInIndex = 0; path = DVAppServices.app; sourceTree = BUILT_PRODUCTS_DIR; };
		F6BB69AB1FB98DCB000147C7 /* AppDelegate.swift */ = {isa = PBXFileReference; lastKnownFileType = sourcecode.swift; path = AppDelegate.swift; sourceTree = "<group>"; };
		F6BB69AD1FB98DCB000147C7 /* ViewController.swift */ = {isa = PBXFileReference; lastKnownFileType = sourcecode.swift; path = ViewController.swift; sourceTree = "<group>"; };
		F6BB69B01FB98DCB000147C7 /* Base */ = {isa = PBXFileReference; lastKnownFileType = file.storyboard; name = Base; path = Base.lproj/Main.storyboard; sourceTree = "<group>"; };
		F6BB69B21FB98DCB000147C7 /* Assets.xcassets */ = {isa = PBXFileReference; lastKnownFileType = folder.assetcatalog; path = Assets.xcassets; sourceTree = "<group>"; };
		F6BB69B51FB98DCB000147C7 /* Base */ = {isa = PBXFileReference; lastKnownFileType = file.storyboard; name = Base; path = Base.lproj/LaunchScreen.storyboard; sourceTree = "<group>"; };
		F6BB69B71FB98DCB000147C7 /* Info.plist */ = {isa = PBXFileReference; lastKnownFileType = text.plist.xml; path = Info.plist; sourceTree = "<group>"; };
		F6BB69BC1FB98DCB000147C7 /* DVAppServicesTests.xctest */ = {isa = PBXFileReference; explicitFileType = wrapper.cfbundle; includeInIndex = 0; path = DVAppServicesTests.xctest; sourceTree = BUILT_PRODUCTS_DIR; };
		F6BB69C01FB98DCB000147C7 /* DVAppServicesTests.swift */ = {isa = PBXFileReference; lastKnownFileType = sourcecode.swift; path = DVAppServicesTests.swift; sourceTree = "<group>"; };
		F6BB69C21FB98DCB000147C7 /* Info.plist */ = {isa = PBXFileReference; lastKnownFileType = text.plist.xml; path = Info.plist; sourceTree = "<group>"; };
		F6BB69C71FB98DCB000147C7 /* DVAppServicesUITests.xctest */ = {isa = PBXFileReference; explicitFileType = wrapper.cfbundle; includeInIndex = 0; path = DVAppServicesUITests.xctest; sourceTree = BUILT_PRODUCTS_DIR; };
		F6BB69CB1FB98DCB000147C7 /* DVAppServicesUITests.swift */ = {isa = PBXFileReference; lastKnownFileType = sourcecode.swift; path = DVAppServicesUITests.swift; sourceTree = "<group>"; };
		F6BB69CD1FB98DCB000147C7 /* Info.plist */ = {isa = PBXFileReference; lastKnownFileType = text.plist.xml; path = Info.plist; sourceTree = "<group>"; };
		F6BB69DA1FB98E01000147C7 /* ContactsViewController.swift */ = {isa = PBXFileReference; lastKnownFileType = sourcecode.swift; path = ContactsViewController.swift; sourceTree = "<group>"; };
		F6BB69DC1FB992C3000147C7 /* ContactEntry.swift */ = {isa = PBXFileReference; lastKnownFileType = sourcecode.swift; path = ContactEntry.swift; sourceTree = "<group>"; };
		F6BB69DF1FB99825000147C7 /* Utils.swift */ = {isa = PBXFileReference; lastKnownFileType = sourcecode.swift; path = Utils.swift; sourceTree = "<group>"; };
		F6BB69E11FB9A5E6000147C7 /* AddContactViewController.swift */ = {isa = PBXFileReference; lastKnownFileType = sourcecode.swift; path = AddContactViewController.swift; sourceTree = "<group>"; };
/* End PBXFileReference section */

/* Begin PBXFrameworksBuildPhase section */
		F6BB69A51FB98DCB000147C7 /* Frameworks */ = {
			isa = PBXFrameworksBuildPhase;
			buildActionMask = 2147483647;
			files = (
				ED9F1DBD1FC19BC4002D3B39 /* FacebookCore.framework in Frameworks */,
				ED9F1DB71FC19AE3002D3B39 /* FBSDKCoreKit.framework in Frameworks */,
				ED9F1DB81FC19AE3002D3B39 /* FBSDKLoginKit.framework in Frameworks */,
				ED9F1DB91FC19AE3002D3B39 /* FBSDKShareKit.framework in Frameworks */,
				D6EBEC9A27868E028105BB82 /* Pods_DVAppServices.framework in Frameworks */,
			);
			runOnlyForDeploymentPostprocessing = 0;
		};
		F6BB69B91FB98DCB000147C7 /* Frameworks */ = {
			isa = PBXFrameworksBuildPhase;
			buildActionMask = 2147483647;
			files = (
			);
			runOnlyForDeploymentPostprocessing = 0;
		};
		F6BB69C41FB98DCB000147C7 /* Frameworks */ = {
			isa = PBXFrameworksBuildPhase;
			buildActionMask = 2147483647;
			files = (
			);
			runOnlyForDeploymentPostprocessing = 0;
		};
/* End PBXFrameworksBuildPhase section */

/* Begin PBXGroup section */
		3FAE667314B2520668646D3D /* Frameworks */ = {
			isa = PBXGroup;
			children = (
				F60015351FCD51D300E0CD52 /* Social.framework */,
				ED9F1DBE1FC19BC4002D3B39 /* FacebookCore.framework */,
				ED9F1DBA1FC19AE3002D3B39 /* FBSDKCoreKit.framework */,
				ED9F1DBB1FC19AE3002D3B39 /* FBSDKLoginKit.framework */,
				ED9F1DBC1FC19AE3002D3B39 /* FBSDKShareKit.framework */,
				0412F0D83AA7626EAE57C77B /* Pods_DVAppServices.framework */,
			);
			name = Frameworks;
			sourceTree = "<group>";
		};
		D5156F861D029A5D1240C57E /* Pods */ = {
			isa = PBXGroup;
			children = (
				2B72027E2AB14A2F05CE2816 /* Pods-DVAppServices.debug.xcconfig */,
				C46A62E79583A034BF1B50C3 /* Pods-DVAppServices.release.xcconfig */,
			);
			name = Pods;
			sourceTree = "<group>";
		};
		EDD268681FBF50A10028CF1A /* FacebookServices */ = {
			isa = PBXGroup;
			children = (
				EDD268691FBF50B10028CF1A /* FacebookServicesViewController.swift */,
			);
			path = FacebookServices;
			sourceTree = "<group>";
		};
		EDE030521FC124540016E878 /* GoogleServices */ = {
			isa = PBXGroup;
			children = (
				EDE030531FC124650016E878 /* GoogleServicesViewController.swift */,
			);
			path = GoogleServices;
			sourceTree = "<group>";
		};
		F60015321FCD4E4C00E0CD52 /* Social */ = {
			isa = PBXGroup;
			children = (
				F60015331FCD4E5D00E0CD52 /* SocialViewController.swift */,
			);
			path = Social;
			sourceTree = "<group>";
		};
		F605A01F1FBD40710080E459 /* Calendar */ = {
			isa = PBXGroup;
			children = (
				F605A0201FBD40980080E459 /* EventViewController.swift */,
			);
			path = Calendar;
			sourceTree = "<group>";
		};
		F63A951A1FDFB8390038AB38 /* DownloadAnimation */ = {
			isa = PBXGroup;
			children = (
				F63A951B1FDFB8490038AB38 /* DownloadAnimationViewController.swift */,
			);
			path = DownloadAnimation;
			sourceTree = "<group>";
		};
		F6BB699F1FB98DCB000147C7 = {
			isa = PBXGroup;
			children = (
				F6BB69AA1FB98DCB000147C7 /* DVAppServices */,
				F6BB69BF1FB98DCB000147C7 /* DVAppServicesTests */,
				F6BB69CA1FB98DCB000147C7 /* DVAppServicesUITests */,
				3FAE667314B2520668646D3D /* Frameworks */,
				D5156F861D029A5D1240C57E /* Pods */,
				F6BB69A91FB98DCB000147C7 /* Products */,
			);
			sourceTree = "<group>";
		};
		F6BB69A91FB98DCB000147C7 /* Products */ = {
			isa = PBXGroup;
			children = (
				F6BB69A81FB98DCB000147C7 /* DVAppServices.app */,
				F6BB69BC1FB98DCB000147C7 /* DVAppServicesTests.xctest */,
				F6BB69C71FB98DCB000147C7 /* DVAppServicesUITests.xctest */,
			);
			name = Products;
			sourceTree = "<group>";
		};
		F6BB69AA1FB98DCB000147C7 /* DVAppServices */ = {
			isa = PBXGroup;
			children = (
				F6BB69AB1FB98DCB000147C7 /* AppDelegate.swift */,
				F6BB69B21FB98DCB000147C7 /* Assets.xcassets */,
				F605A01F1FBD40710080E459 /* Calendar */,
				F6BB69D91FB98DF6000147C7 /* Contacts */,
				F63A951A1FDFB8390038AB38 /* DownloadAnimation */,
				EDE0304F1FC11F720016E878 /* DVAppServices-Bridging-Header.h */,
				EDD268681FBF50A10028CF1A /* FacebookServices */,
				EDE0304D1FC02E0A0016E878 /* GoogleService-Info.plist */,
				EDE030521FC124540016E878 /* GoogleServices */,
				F6BB69B71FB98DCB000147C7 /* Info.plist */,
				F6BB69B41FB98DCB000147C7 /* LaunchScreen.storyboard */,
				F6BB69AF1FB98DCB000147C7 /* Main.storyboard */,
				F60015321FCD4E4C00E0CD52 /* Social */,
				F6BB69DE1FB9981B000147C7 /* Utils */,
				F6BB69AD1FB98DCB000147C7 /* ViewController.swift */,
			);
			path = DVAppServices;
			sourceTree = "<group>";
		};
		F6BB69BF1FB98DCB000147C7 /* DVAppServicesTests */ = {
			isa = PBXGroup;
			children = (
				F6BB69C01FB98DCB000147C7 /* DVAppServicesTests.swift */,
				F6BB69C21FB98DCB000147C7 /* Info.plist */,
			);
			path = DVAppServicesTests;
			sourceTree = "<group>";
		};
		F6BB69CA1FB98DCB000147C7 /* DVAppServicesUITests */ = {
			isa = PBXGroup;
			children = (
				F6BB69CB1FB98DCB000147C7 /* DVAppServicesUITests.swift */,
				F6BB69CD1FB98DCB000147C7 /* Info.plist */,
			);
			path = DVAppServicesUITests;
			sourceTree = "<group>";
		};
		F6BB69D91FB98DF6000147C7 /* Contacts */ = {
			isa = PBXGroup;
			children = (
				F6BB69DA1FB98E01000147C7 /* ContactsViewController.swift */,
				F6BB69DC1FB992C3000147C7 /* ContactEntry.swift */,
				F6BB69E11FB9A5E6000147C7 /* AddContactViewController.swift */,
				F61254001FBAC1CB008B2F1E /* OpenContactViewController.swift */,
			);
			path = Contacts;
			sourceTree = "<group>";
		};
		F6BB69DE1FB9981B000147C7 /* Utils */ = {
			isa = PBXGroup;
			children = (
				F6BB69DF1FB99825000147C7 /* Utils.swift */,
				F61254021FBACEA7008B2F1E /* BaseViewController.swift */,
			);
			path = Utils;
			sourceTree = "<group>";
		};
/* End PBXGroup section */

/* Begin PBXNativeTarget section */
		F6BB69A71FB98DCB000147C7 /* DVAppServices */ = {
			isa = PBXNativeTarget;
			buildConfigurationList = F6BB69D01FB98DCB000147C7 /* Build configuration list for PBXNativeTarget "DVAppServices" */;
			buildPhases = (
				593E0E0EC04238C06E258BB5 /* [CP] Check Pods Manifest.lock */,
				F6BB69A41FB98DCB000147C7 /* Sources */,
				F6BB69A51FB98DCB000147C7 /* Frameworks */,
				F6BB69A61FB98DCB000147C7 /* Resources */,
				71E00B588C9DAC0BD76B1798 /* [CP] Embed Pods Frameworks */,
				C7E73138F9266556026A281B /* [CP] Copy Pods Resources */,
			);
			buildRules = (
			);
			dependencies = (
			);
			name = DVAppServices;
			productName = DVAppServices;
			productReference = F6BB69A81FB98DCB000147C7 /* DVAppServices.app */;
			productType = "com.apple.product-type.application";
		};
		F6BB69BB1FB98DCB000147C7 /* DVAppServicesTests */ = {
			isa = PBXNativeTarget;
			buildConfigurationList = F6BB69D31FB98DCB000147C7 /* Build configuration list for PBXNativeTarget "DVAppServicesTests" */;
			buildPhases = (
				F6BB69B81FB98DCB000147C7 /* Sources */,
				F6BB69B91FB98DCB000147C7 /* Frameworks */,
				F6BB69BA1FB98DCB000147C7 /* Resources */,
			);
			buildRules = (
			);
			dependencies = (
				F6BB69BE1FB98DCB000147C7 /* PBXTargetDependency */,
			);
			name = DVAppServicesTests;
			productName = DVAppServicesTests;
			productReference = F6BB69BC1FB98DCB000147C7 /* DVAppServicesTests.xctest */;
			productType = "com.apple.product-type.bundle.unit-test";
		};
		F6BB69C61FB98DCB000147C7 /* DVAppServicesUITests */ = {
			isa = PBXNativeTarget;
			buildConfigurationList = F6BB69D61FB98DCB000147C7 /* Build configuration list for PBXNativeTarget "DVAppServicesUITests" */;
			buildPhases = (
				F6BB69C31FB98DCB000147C7 /* Sources */,
				F6BB69C41FB98DCB000147C7 /* Frameworks */,
				F6BB69C51FB98DCB000147C7 /* Resources */,
			);
			buildRules = (
			);
			dependencies = (
				F6BB69C91FB98DCB000147C7 /* PBXTargetDependency */,
			);
			name = DVAppServicesUITests;
			productName = DVAppServicesUITests;
			productReference = F6BB69C71FB98DCB000147C7 /* DVAppServicesUITests.xctest */;
			productType = "com.apple.product-type.bundle.ui-testing";
		};
/* End PBXNativeTarget section */

/* Begin PBXProject section */
		F6BB69A01FB98DCB000147C7 /* Project object */ = {
			isa = PBXProject;
			attributes = {
				LastSwiftUpdateCheck = 0910;
				LastUpgradeCheck = 0910;
				ORGANIZATIONNAME = "Nam DV";
				TargetAttributes = {
					F6BB69A71FB98DCB000147C7 = {
						CreatedOnToolsVersion = 9.1;
						LastSwiftMigration = 0910;
						ProvisioningStyle = Automatic;
					};
					F6BB69BB1FB98DCB000147C7 = {
						CreatedOnToolsVersion = 9.1;
						ProvisioningStyle = Automatic;
						TestTargetID = F6BB69A71FB98DCB000147C7;
					};
					F6BB69C61FB98DCB000147C7 = {
						CreatedOnToolsVersion = 9.1;
						ProvisioningStyle = Automatic;
						TestTargetID = F6BB69A71FB98DCB000147C7;
					};
				};
			};
			buildConfigurationList = F6BB69A31FB98DCB000147C7 /* Build configuration list for PBXProject "DVAppServices" */;
			compatibilityVersion = "Xcode 8.0";
			developmentRegion = en;
			hasScannedForEncodings = 0;
			knownRegions = (
				en,
				Base,
			);
			mainGroup = F6BB699F1FB98DCB000147C7;
			productRefGroup = F6BB69A91FB98DCB000147C7 /* Products */;
			projectDirPath = "";
			projectRoot = "";
			targets = (
				F6BB69A71FB98DCB000147C7 /* DVAppServices */,
				F6BB69BB1FB98DCB000147C7 /* DVAppServicesTests */,
				F6BB69C61FB98DCB000147C7 /* DVAppServicesUITests */,
			);
		};
/* End PBXProject section */

/* Begin PBXResourcesBuildPhase section */
		F6BB69A61FB98DCB000147C7 /* Resources */ = {
			isa = PBXResourcesBuildPhase;
			buildActionMask = 2147483647;
			files = (
				F6BB69B61FB98DCB000147C7 /* LaunchScreen.storyboard in Resources */,
				EDE0304E1FC02E0A0016E878 /* GoogleService-Info.plist in Resources */,
				F6BB69B31FB98DCB000147C7 /* Assets.xcassets in Resources */,
				F6BB69B11FB98DCB000147C7 /* Main.storyboard in Resources */,
			);
			runOnlyForDeploymentPostprocessing = 0;
		};
		F6BB69BA1FB98DCB000147C7 /* Resources */ = {
			isa = PBXResourcesBuildPhase;
			buildActionMask = 2147483647;
			files = (
			);
			runOnlyForDeploymentPostprocessing = 0;
		};
		F6BB69C51FB98DCB000147C7 /* Resources */ = {
			isa = PBXResourcesBuildPhase;
			buildActionMask = 2147483647;
			files = (
			);
			runOnlyForDeploymentPostprocessing = 0;
		};
/* End PBXResourcesBuildPhase section */

/* Begin PBXShellScriptBuildPhase section */
		593E0E0EC04238C06E258BB5 /* [CP] Check Pods Manifest.lock */ = {
			isa = PBXShellScriptBuildPhase;
			buildActionMask = 2147483647;
			files = (
			);
			inputPaths = (
				"${PODS_PODFILE_DIR_PATH}/Podfile.lock",
				"${PODS_ROOT}/Manifest.lock",
			);
			name = "[CP] Check Pods Manifest.lock";
			outputPaths = (
				"$(DERIVED_FILE_DIR)/Pods-DVAppServices-checkManifestLockResult.txt",
			);
			runOnlyForDeploymentPostprocessing = 0;
			shellPath = /bin/sh;
			shellScript = "diff \"${PODS_PODFILE_DIR_PATH}/Podfile.lock\" \"${PODS_ROOT}/Manifest.lock\" > /dev/null\nif [ $? != 0 ] ; then\n    # print error to STDERR\n    echo \"error: The sandbox is not in sync with the Podfile.lock. Run 'pod install' or update your CocoaPods installation.\" >&2\n    exit 1\nfi\n# This output is used by Xcode 'outputs' to avoid re-running this script phase.\necho \"SUCCESS\" > \"${SCRIPT_OUTPUT_FILE_0}\"\n";
			showEnvVarsInLog = 0;
		};
		71E00B588C9DAC0BD76B1798 /* [CP] Embed Pods Frameworks */ = {
			isa = PBXShellScriptBuildPhase;
			buildActionMask = 2147483647;
			files = (
			);
			inputPaths = (
				"${SRCROOT}/Pods/Target Support Files/Pods-DVAppServices/Pods-DVAppServices-frameworks.sh",
				"${BUILT_PRODUCTS_DIR}/Bolts/Bolts.framework",
				"${BUILT_PRODUCTS_DIR}/FBSDKCoreKit/FBSDKCoreKit.framework",
				"${BUILT_PRODUCTS_DIR}/FBSDKLoginKit/FBSDKLoginKit.framework",
				"${BUILT_PRODUCTS_DIR}/FBSDKShareKit/FBSDKShareKit.framework",
				"${BUILT_PRODUCTS_DIR}/FacebookCore/FacebookCore.framework",
				"${BUILT_PRODUCTS_DIR}/FacebookLogin/FacebookLogin.framework",
				"${BUILT_PRODUCTS_DIR}/FacebookShare/FacebookShare.framework",
				"${BUILT_PRODUCTS_DIR}/GTMOAuth2/GTMOAuth2.framework",
				"${BUILT_PRODUCTS_DIR}/GTMSessionFetcher/GTMSessionFetcher.framework",
				"${BUILT_PRODUCTS_DIR}/GoogleAPIClientForREST/GoogleAPIClientForREST.framework",
				"${BUILT_PRODUCTS_DIR}/GoogleToolboxForMac/GoogleToolboxForMac.framework",
			);
			name = "[CP] Embed Pods Frameworks";
			outputPaths = (
				"${TARGET_BUILD_DIR}/${FRAMEWORKS_FOLDER_PATH}/Bolts.framework",
				"${TARGET_BUILD_DIR}/${FRAMEWORKS_FOLDER_PATH}/FBSDKCoreKit.framework",
				"${TARGET_BUILD_DIR}/${FRAMEWORKS_FOLDER_PATH}/FBSDKLoginKit.framework",
				"${TARGET_BUILD_DIR}/${FRAMEWORKS_FOLDER_PATH}/FBSDKShareKit.framework",
				"${TARGET_BUILD_DIR}/${FRAMEWORKS_FOLDER_PATH}/FacebookCore.framework",
				"${TARGET_BUILD_DIR}/${FRAMEWORKS_FOLDER_PATH}/FacebookLogin.framework",
				"${TARGET_BUILD_DIR}/${FRAMEWORKS_FOLDER_PATH}/FacebookShare.framework",
				"${TARGET_BUILD_DIR}/${FRAMEWORKS_FOLDER_PATH}/GTMOAuth2.framework",
				"${TARGET_BUILD_DIR}/${FRAMEWORKS_FOLDER_PATH}/GTMSessionFetcher.framework",
				"${TARGET_BUILD_DIR}/${FRAMEWORKS_FOLDER_PATH}/GoogleAPIClientForREST.framework",
				"${TARGET_BUILD_DIR}/${FRAMEWORKS_FOLDER_PATH}/GoogleToolboxForMac.framework",
			);
			runOnlyForDeploymentPostprocessing = 0;
			shellPath = /bin/sh;
			shellScript = "\"${SRCROOT}/Pods/Target Support Files/Pods-DVAppServices/Pods-DVAppServices-frameworks.sh\"\n";
			showEnvVarsInLog = 0;
		};
		C7E73138F9266556026A281B /* [CP] Copy Pods Resources */ = {
			isa = PBXShellScriptBuildPhase;
			buildActionMask = 2147483647;
			files = (
			);
			inputPaths = (
				"${SRCROOT}/Pods/Target Support Files/Pods-DVAppServices/Pods-DVAppServices-resources.sh",
				"${PODS_ROOT}/GoogleSignIn/Resources/GoogleSignIn.bundle",
			);
			name = "[CP] Copy Pods Resources";
			outputPaths = (
				"${TARGET_BUILD_DIR}/${UNLOCALIZED_RESOURCES_FOLDER_PATH}",
			);
			runOnlyForDeploymentPostprocessing = 0;
			shellPath = /bin/sh;
			shellScript = "\"${SRCROOT}/Pods/Target Support Files/Pods-DVAppServices/Pods-DVAppServices-resources.sh\"\n";
			showEnvVarsInLog = 0;
		};
/* End PBXShellScriptBuildPhase section */

/* Begin PBXSourcesBuildPhase section */
		F6BB69A41FB98DCB000147C7 /* Sources */ = {
			isa = PBXSourcesBuildPhase;
			buildActionMask = 2147483647;
			files = (
				F63A951C1FDFB8490038AB38 /* DownloadAnimationViewController.swift in Sources */,
				EDD2686A1FBF50B10028CF1A /* FacebookServicesViewController.swift in Sources */,
				F6BB69E01FB99825000147C7 /* Utils.swift in Sources */,
				EDE030541FC124650016E878 /* GoogleServicesViewController.swift in Sources */,
				F60015341FCD4E5D00E0CD52 /* SocialViewController.swift in Sources */,
				F6BB69AE1FB98DCB000147C7 /* ViewController.swift in Sources */,
				F6BB69AC1FB98DCB000147C7 /* AppDelegate.swift in Sources */,
				F6BB69E21FB9A5E6000147C7 /* AddContactViewController.swift in Sources */,
				F61254011FBAC1CB008B2F1E /* OpenContactViewController.swift in Sources */,
				F605A0211FBD40980080E459 /* EventViewController.swift in Sources */,
				F61254031FBACEA7008B2F1E /* BaseViewController.swift in Sources */,
				F6BB69DB1FB98E01000147C7 /* ContactsViewController.swift in Sources */,
				F6BB69DD1FB992C3000147C7 /* ContactEntry.swift in Sources */,
			);
			runOnlyForDeploymentPostprocessing = 0;
		};
		F6BB69B81FB98DCB000147C7 /* Sources */ = {
			isa = PBXSourcesBuildPhase;
			buildActionMask = 2147483647;
			files = (
				F6BB69C11FB98DCB000147C7 /* DVAppServicesTests.swift in Sources */,
			);
			runOnlyForDeploymentPostprocessing = 0;
		};
		F6BB69C31FB98DCB000147C7 /* Sources */ = {
			isa = PBXSourcesBuildPhase;
			buildActionMask = 2147483647;
			files = (
				F6BB69CC1FB98DCB000147C7 /* DVAppServicesUITests.swift in Sources */,
			);
			runOnlyForDeploymentPostprocessing = 0;
		};
/* End PBXSourcesBuildPhase section */

/* Begin PBXTargetDependency section */
		F6BB69BE1FB98DCB000147C7 /* PBXTargetDependency */ = {
			isa = PBXTargetDependency;
			target = F6BB69A71FB98DCB000147C7 /* DVAppServices */;
			targetProxy = F6BB69BD1FB98DCB000147C7 /* PBXContainerItemProxy */;
		};
		F6BB69C91FB98DCB000147C7 /* PBXTargetDependency */ = {
			isa = PBXTargetDependency;
			target = F6BB69A71FB98DCB000147C7 /* DVAppServices */;
			targetProxy = F6BB69C81FB98DCB000147C7 /* PBXContainerItemProxy */;
		};
/* End PBXTargetDependency section */

/* Begin PBXVariantGroup section */
		F6BB69AF1FB98DCB000147C7 /* Main.storyboard */ = {
			isa = PBXVariantGroup;
			children = (
				F6BB69B01FB98DCB000147C7 /* Base */,
			);
			name = Main.storyboard;
			sourceTree = "<group>";
		};
		F6BB69B41FB98DCB000147C7 /* LaunchScreen.storyboard */ = {
			isa = PBXVariantGroup;
			children = (
				F6BB69B51FB98DCB000147C7 /* Base */,
			);
			name = LaunchScreen.storyboard;
			sourceTree = "<group>";
		};
/* End PBXVariantGroup section */

/* Begin XCBuildConfiguration section */
		F6BB69CE1FB98DCB000147C7 /* Debug */ = {
			isa = XCBuildConfiguration;
			buildSettings = {
				ALWAYS_SEARCH_USER_PATHS = NO;
				CLANG_ANALYZER_NONNULL = YES;
				CLANG_ANALYZER_NUMBER_OBJECT_CONVERSION = YES_AGGRESSIVE;
				CLANG_CXX_LANGUAGE_STANDARD = "gnu++14";
				CLANG_CXX_LIBRARY = "libc++";
				CLANG_ENABLE_MODULES = YES;
				CLANG_ENABLE_OBJC_ARC = YES;
				CLANG_WARN_BLOCK_CAPTURE_AUTORELEASING = YES;
				CLANG_WARN_BOOL_CONVERSION = YES;
				CLANG_WARN_COMMA = YES;
				CLANG_WARN_CONSTANT_CONVERSION = YES;
				CLANG_WARN_DIRECT_OBJC_ISA_USAGE = YES_ERROR;
				CLANG_WARN_DOCUMENTATION_COMMENTS = YES;
				CLANG_WARN_EMPTY_BODY = YES;
				CLANG_WARN_ENUM_CONVERSION = YES;
				CLANG_WARN_INFINITE_RECURSION = YES;
				CLANG_WARN_INT_CONVERSION = YES;
				CLANG_WARN_NON_LITERAL_NULL_CONVERSION = YES;
				CLANG_WARN_OBJC_LITERAL_CONVERSION = YES;
				CLANG_WARN_OBJC_ROOT_CLASS = YES_ERROR;
				CLANG_WARN_RANGE_LOOP_ANALYSIS = YES;
				CLANG_WARN_STRICT_PROTOTYPES = YES;
				CLANG_WARN_SUSPICIOUS_MOVE = YES;
				CLANG_WARN_UNGUARDED_AVAILABILITY = YES_AGGRESSIVE;
				CLANG_WARN_UNREACHABLE_CODE = YES;
				CLANG_WARN__DUPLICATE_METHOD_MATCH = YES;
				CODE_SIGN_IDENTITY = "iPhone Developer";
				COPY_PHASE_STRIP = NO;
				DEBUG_INFORMATION_FORMAT = dwarf;
				ENABLE_STRICT_OBJC_MSGSEND = YES;
				ENABLE_TESTABILITY = YES;
				GCC_C_LANGUAGE_STANDARD = gnu11;
				GCC_DYNAMIC_NO_PIC = NO;
				GCC_NO_COMMON_BLOCKS = YES;
				GCC_OPTIMIZATION_LEVEL = 0;
				GCC_PREPROCESSOR_DEFINITIONS = (
					"DEBUG=1",
					"$(inherited)",
				);
				GCC_WARN_64_TO_32_BIT_CONVERSION = YES;
				GCC_WARN_ABOUT_RETURN_TYPE = YES_ERROR;
				GCC_WARN_UNDECLARED_SELECTOR = YES;
				GCC_WARN_UNINITIALIZED_AUTOS = YES_AGGRESSIVE;
				GCC_WARN_UNUSED_FUNCTION = YES;
				GCC_WARN_UNUSED_VARIABLE = YES;
				IPHONEOS_DEPLOYMENT_TARGET = 11.1;
				MTL_ENABLE_DEBUG_INFO = YES;
				ONLY_ACTIVE_ARCH = YES;
				SDKROOT = iphoneos;
				SWIFT_ACTIVE_COMPILATION_CONDITIONS = DEBUG;
				SWIFT_OPTIMIZATION_LEVEL = "-Onone";
			};
			name = Debug;
		};
		F6BB69CF1FB98DCB000147C7 /* Release */ = {
			isa = XCBuildConfiguration;
			buildSettings = {
				ALWAYS_SEARCH_USER_PATHS = NO;
				CLANG_ANALYZER_NONNULL = YES;
				CLANG_ANALYZER_NUMBER_OBJECT_CONVERSION = YES_AGGRESSIVE;
				CLANG_CXX_LANGUAGE_STANDARD = "gnu++14";
				CLANG_CXX_LIBRARY = "libc++";
				CLANG_ENABLE_MODULES = YES;
				CLANG_ENABLE_OBJC_ARC = YES;
				CLANG_WARN_BLOCK_CAPTURE_AUTORELEASING = YES;
				CLANG_WARN_BOOL_CONVERSION = YES;
				CLANG_WARN_COMMA = YES;
				CLANG_WARN_CONSTANT_CONVERSION = YES;
				CLANG_WARN_DIRECT_OBJC_ISA_USAGE = YES_ERROR;
				CLANG_WARN_DOCUMENTATION_COMMENTS = YES;
				CLANG_WARN_EMPTY_BODY = YES;
				CLANG_WARN_ENUM_CONVERSION = YES;
				CLANG_WARN_INFINITE_RECURSION = YES;
				CLANG_WARN_INT_CONVERSION = YES;
				CLANG_WARN_NON_LITERAL_NULL_CONVERSION = YES;
				CLANG_WARN_OBJC_LITERAL_CONVERSION = YES;
				CLANG_WARN_OBJC_ROOT_CLASS = YES_ERROR;
				CLANG_WARN_RANGE_LOOP_ANALYSIS = YES;
				CLANG_WARN_STRICT_PROTOTYPES = YES;
				CLANG_WARN_SUSPICIOUS_MOVE = YES;
				CLANG_WARN_UNGUARDED_AVAILABILITY = YES_AGGRESSIVE;
				CLANG_WARN_UNREACHABLE_CODE = YES;
				CLANG_WARN__DUPLICATE_METHOD_MATCH = YES;
				CODE_SIGN_IDENTITY = "iPhone Developer";
				COPY_PHASE_STRIP = NO;
				DEBUG_INFORMATION_FORMAT = "dwarf-with-dsym";
				ENABLE_NS_ASSERTIONS = NO;
				ENABLE_STRICT_OBJC_MSGSEND = YES;
				GCC_C_LANGUAGE_STANDARD = gnu11;
				GCC_NO_COMMON_BLOCKS = YES;
				GCC_WARN_64_TO_32_BIT_CONVERSION = YES;
				GCC_WARN_ABOUT_RETURN_TYPE = YES_ERROR;
				GCC_WARN_UNDECLARED_SELECTOR = YES;
				GCC_WARN_UNINITIALIZED_AUTOS = YES_AGGRESSIVE;
				GCC_WARN_UNUSED_FUNCTION = YES;
				GCC_WARN_UNUSED_VARIABLE = YES;
				IPHONEOS_DEPLOYMENT_TARGET = 11.1;
				MTL_ENABLE_DEBUG_INFO = NO;
				SDKROOT = iphoneos;
				SWIFT_OPTIMIZATION_LEVEL = "-Owholemodule";
				VALIDATE_PRODUCT = YES;
			};
			name = Release;
		};
		F6BB69D11FB98DCB000147C7 /* Debug */ = {
			isa = XCBuildConfiguration;
			baseConfigurationReference = 2B72027E2AB14A2F05CE2816 /* Pods-DVAppServices.debug.xcconfig */;
			buildSettings = {
				ASSETCATALOG_COMPILER_APPICON_NAME = AppIcon;
				CLANG_ENABLE_MODULES = YES;
				CODE_SIGN_IDENTITY = "iPhone Distribution: Hiworld Mobile Team (4D947669QT)";
				"CODE_SIGN_IDENTITY[sdk=iphoneos*]" = "iPhone Developer";
				CODE_SIGN_STYLE = Automatic;
				DEVELOPMENT_TEAM = 4D947669QT;
				FRAMEWORK_SEARCH_PATHS = (
					"$(inherited)",
					"$(PROJECT_DIR)/FacebookSDKs-iOS-4",
				);
				INFOPLIST_FILE = DVAppServices/Info.plist;
				IPHONEOS_DEPLOYMENT_TARGET = 10.0;
				LD_RUNPATH_SEARCH_PATHS = "$(inherited) @executable_path/Frameworks";
				PRODUCT_BUNDLE_IDENTIFIER = vn.namdv.DVAppServices;
				PRODUCT_NAME = "$(TARGET_NAME)";
				PROVISIONING_PROFILE = "";
				PROVISIONING_PROFILE_SPECIFIER = "";
				SWIFT_OBJC_BRIDGING_HEADER = "DVAppServices/DVAppServices-Bridging-Header.h";
				SWIFT_OPTIMIZATION_LEVEL = "-Onone";
				SWIFT_VERSION = 4.0;
				TARGETED_DEVICE_FAMILY = "1,2";
			};
			name = Debug;
		};
		F6BB69D21FB98DCB000147C7 /* Release */ = {
			isa = XCBuildConfiguration;
			baseConfigurationReference = C46A62E79583A034BF1B50C3 /* Pods-DVAppServices.release.xcconfig */;
			buildSettings = {
				ASSETCATALOG_COMPILER_APPICON_NAME = AppIcon;
				CLANG_ENABLE_MODULES = YES;
				CODE_SIGN_IDENTITY = "iPhone Distribution: Hiworld Mobile Team (4D947669QT)";
				"CODE_SIGN_IDENTITY[sdk=iphoneos*]" = "iPhone Developer";
				CODE_SIGN_STYLE = Automatic;
				DEVELOPMENT_TEAM = 4D947669QT;
				FRAMEWORK_SEARCH_PATHS = (
					"$(inherited)",
					"$(PROJECT_DIR)/FacebookSDKs-iOS-4",
				);
				INFOPLIST_FILE = DVAppServices/Info.plist;
				IPHONEOS_DEPLOYMENT_TARGET = 10.0;
				LD_RUNPATH_SEARCH_PATHS = "$(inherited) @executable_path/Frameworks";
				PRODUCT_BUNDLE_IDENTIFIER = vn.namdv.DVAppServices;
				PRODUCT_NAME = "$(TARGET_NAME)";
				PROVISIONING_PROFILE = "";
				PROVISIONING_PROFILE_SPECIFIER = "";
				SWIFT_OBJC_BRIDGING_HEADER = "DVAppServices/DVAppServices-Bridging-Header.h";
				SWIFT_VERSION = 4.0;
				TARGETED_DEVICE_FAMILY = "1,2";
			};
			name = Release;
		};
		F6BB69D41FB98DCB000147C7 /* Debug */ = {
			isa = XCBuildConfiguration;
			buildSettings = {
				ALWAYS_EMBED_SWIFT_STANDARD_LIBRARIES = YES;
				BUNDLE_LOADER = "$(TEST_HOST)";
				CODE_SIGN_STYLE = Automatic;
				INFOPLIST_FILE = DVAppServicesTests/Info.plist;
				LD_RUNPATH_SEARCH_PATHS = "$(inherited) @executable_path/Frameworks @loader_path/Frameworks";
				PRODUCT_BUNDLE_IDENTIFIER = namdv.DVAppServicesTests;
				PRODUCT_NAME = "$(TARGET_NAME)";
				SWIFT_VERSION = 4.0;
				TARGETED_DEVICE_FAMILY = "1,2";
				TEST_HOST = "$(BUILT_PRODUCTS_DIR)/DVAppServices.app/DVAppServices";
			};
			name = Debug;
		};
		F6BB69D51FB98DCB000147C7 /* Release */ = {
			isa = XCBuildConfiguration;
			buildSettings = {
				ALWAYS_EMBED_SWIFT_STANDARD_LIBRARIES = YES;
				BUNDLE_LOADER = "$(TEST_HOST)";
				CODE_SIGN_STYLE = Automatic;
				INFOPLIST_FILE = DVAppServicesTests/Info.plist;
				LD_RUNPATH_SEARCH_PATHS = "$(inherited) @executable_path/Frameworks @loader_path/Frameworks";
				PRODUCT_BUNDLE_IDENTIFIER = namdv.DVAppServicesTests;
				PRODUCT_NAME = "$(TARGET_NAME)";
				SWIFT_VERSION = 4.0;
				TARGETED_DEVICE_FAMILY = "1,2";
				TEST_HOST = "$(BUILT_PRODUCTS_DIR)/DVAppServices.app/DVAppServices";
			};
			name = Release;
		};
		F6BB69D71FB98DCB000147C7 /* Debug */ = {
			isa = XCBuildConfiguration;
			buildSettings = {
				ALWAYS_EMBED_SWIFT_STANDARD_LIBRARIES = YES;
				CODE_SIGN_STYLE = Automatic;
				INFOPLIST_FILE = DVAppServicesUITests/Info.plist;
				LD_RUNPATH_SEARCH_PATHS = "$(inherited) @executable_path/Frameworks @loader_path/Frameworks";
				PRODUCT_BUNDLE_IDENTIFIER = namdv.DVAppServicesUITests;
				PRODUCT_NAME = "$(TARGET_NAME)";
				SWIFT_VERSION = 4.0;
				TARGETED_DEVICE_FAMILY = "1,2";
				TEST_TARGET_NAME = DVAppServices;
			};
			name = Debug;
		};
		F6BB69D81FB98DCB000147C7 /* Release */ = {
			isa = XCBuildConfiguration;
			buildSettings = {
				ALWAYS_EMBED_SWIFT_STANDARD_LIBRARIES = YES;
				CODE_SIGN_STYLE = Automatic;
				INFOPLIST_FILE = DVAppServicesUITests/Info.plist;
				LD_RUNPATH_SEARCH_PATHS = "$(inherited) @executable_path/Frameworks @loader_path/Frameworks";
				PRODUCT_BUNDLE_IDENTIFIER = namdv.DVAppServicesUITests;
				PRODUCT_NAME = "$(TARGET_NAME)";
				SWIFT_VERSION = 4.0;
				TARGETED_DEVICE_FAMILY = "1,2";
				TEST_TARGET_NAME = DVAppServices;
			};
			name = Release;
		};
/* End XCBuildConfiguration section */

/* Begin XCConfigurationList section */
		F6BB69A31FB98DCB000147C7 /* Build configuration list for PBXProject "DVAppServices" */ = {
			isa = XCConfigurationList;
			buildConfigurations = (
				F6BB69CE1FB98DCB000147C7 /* Debug */,
				F6BB69CF1FB98DCB000147C7 /* Release */,
			);
			defaultConfigurationIsVisible = 0;
			defaultConfigurationName = Release;
		};
		F6BB69D01FB98DCB000147C7 /* Build configuration list for PBXNativeTarget "DVAppServices" */ = {
			isa = XCConfigurationList;
			buildConfigurations = (
				F6BB69D11FB98DCB000147C7 /* Debug */,
				F6BB69D21FB98DCB000147C7 /* Release */,
			);
			defaultConfigurationIsVisible = 0;
			defaultConfigurationName = Release;
		};
		F6BB69D31FB98DCB000147C7 /* Build configuration list for PBXNativeTarget "DVAppServicesTests" */ = {
			isa = XCConfigurationList;
			buildConfigurations = (
				F6BB69D41FB98DCB000147C7 /* Debug */,
				F6BB69D51FB98DCB000147C7 /* Release */,
			);
			defaultConfigurationIsVisible = 0;
			defaultConfigurationName = Release;
		};
		F6BB69D61FB98DCB000147C7 /* Build configuration list for PBXNativeTarget "DVAppServicesUITests" */ = {
			isa = XCConfigurationList;
			buildConfigurations = (
				F6BB69D71FB98DCB000147C7 /* Debug */,
				F6BB69D81FB98DCB000147C7 /* Release */,
			);
			defaultConfigurationIsVisible = 0;
			defaultConfigurationName = Release;
		};
/* End XCConfigurationList section */
	};
	rootObject = F6BB69A01FB98DCB000147C7 /* Project object */;
}
